%{"bunt": {:hex, :bunt, "0.1.5", "c378ea1698232597d3778e4b83234dcea4a60e7c28114b0fe53657a2c0d8885e", [:mix], []},
  "credo": {:hex, :credo, "0.3.5", "a5f9231b2047210471150552012973d522ad04ed1725ee6452ccceec75680ca3", [:mix], [{:bunt, "~> 0.1.4", [hex: :bunt, optional: false]}]},
  "dogma": {:hex, :dogma, "0.1.2", "87d72090a6ab73361c88e6aa7ae257825d4de9115e744af1cfdca95d95bff09e", [:mix], [{:poison, "~> 1.0", [hex: :poison, optional: false]}]},
  "poison": {:hex, :poison, "1.5.2", "560bdfb7449e3ddd23a096929fb9fc2122f709bcc758b2d5d5a5c7d0ea848910", [:mix], []}}
